
Microsoft Visual Studio Solution File, Format Version 12.00
# Visual Studio Version 16
VisualStudioVersion = 16.0.29728.190
MinimumVisualStudioVersion = 10.0.40219.1
Project("{2150E333-8FDC-42A3-9474-1A3956D46DE8}") = "Lesson1", "Lesson1", "{8299D771-3D06-44A0-B258-73B3D5BDF925}"
EndProject
Project("{9A19103F-16F7-4668-BE54-9A1E7A4F7556}") = "OcsicoTraining.Mikhaltsev.Lesson1.NOD", "OcsicoTraining.Mikhaltsev.Lesson1.NOD\OcsicoTraining.Mikhaltsev.Lesson1.NOD.csproj", "{E958CFE1-EE6D-4158-8A16-F7EC057BAADC}"
EndProject
Project("{9A19103F-16F7-4668-BE54-9A1E7A4F7556}") = "OcsicoTraining.Mikhaltsev.Lesson1.Console", "OcsicoTraining.Mikhaltsev.Lesson1.Console\OcsicoTraining.Mikhaltsev.Lesson1.Console.csproj", "{9AC4243F-E925-42CC-8265-F8842ACF68C0}"
EndProject
Project("{9A19103F-16F7-4668-BE54-9A1E7A4F7556}") = "OcsicoTraining.Mikhaltsev.Lesson1.BubbleSort", "OcsicoTraining.Mikhaltsev.Lesson1.BubbleSort\OcsicoTraining.Mikhaltsev.Lesson1.BubbleSort.csproj", "{201C3B38-591A-43C2-9A3B-26620197CF67}"
EndProject
Project("{2150E333-8FDC-42A3-9474-1A3956D46DE8}") = "Lesson2", "Lesson2", "{E1004257-1D69-4D04-BAD8-0CA27D90D81F}"
EndProject
Project("{9A19103F-16F7-4668-BE54-9A1E7A4F7556}") = "OcsicoTraining.Mikhaltsev.Lesson2.Presentation", "OcsicoTraining.Mikhaltsev.Lesson2.Presentation\OcsicoTraining.Mikhaltsev.Lesson2.Presentation.csproj", "{E5390BD0-98B3-4D41-99EC-69EA0660B936}"
EndProject
Project("{2150E333-8FDC-42A3-9474-1A3956D46DE8}") = "Solution Items", "Solution Items", "{B23E6370-E618-4B53-915B-F432D13A06EF}"
	ProjectSection(SolutionItems) = preProject
		.editorconfig = .editorconfig
	EndProjectSection
EndProject
Project("{9A19103F-16F7-4668-BE54-9A1E7A4F7556}") = "OcsicoTraining.Mikhaltsev.Lesson2.RootPowerN", "OcsicoTraining.Mikhaltsev.Lesson2.RootPowerN\OcsicoTraining.Mikhaltsev.Lesson2.RootPowerN.csproj", "{CAF02488-3147-4270-9E04-637C6EAABCE1}"
EndProject
Project("{2150E333-8FDC-42A3-9474-1A3956D46DE8}") = "Lesson3", "Lesson3", "{989025A7-8CFD-4B1B-A975-4380D8276822}"
EndProject
Project("{9A19103F-16F7-4668-BE54-9A1E7A4F7556}") = "OcsicoTraining.Mikhaltsev.Lesson3.Presentation", "OcsicoTraining.Mikhaltsev.Lesson3.Presentation\OcsicoTraining.Mikhaltsev.Lesson3.Presentation.csproj", "{01D765A7-153E-47C4-A455-96522DF36BCE}"
EndProject
Project("{2150E333-8FDC-42A3-9474-1A3956D46DE8}") = "Lesson4", "Lesson4", "{E234FB43-990F-4F6F-9C97-D645656D90E4}"
EndProject
Project("{9A19103F-16F7-4668-BE54-9A1E7A4F7556}") = "OcsicoTraining.Mikhaltsev.Lesson4.Presentation", "OcsicoTraining.Mikhaltsev.Lesson4.Presentation\OcsicoTraining.Mikhaltsev.Lesson4.Presentation.csproj", "{C8E6AB9C-8A9F-40ED-87EF-15BAC9E903B7}"
EndProject
Project("{9A19103F-16F7-4668-BE54-9A1E7A4F7556}") = "OcsicoTraining.Mikhaltsev.Lesson2.GenericSortMethod", "OcsicoTraining.Mikhaltsev.Lesson2.GenericSortMethod\OcsicoTraining.Mikhaltsev.Lesson2.GenericSortMethod.csproj", "{681C9475-515E-4B7C-AE47-C56F9F9CA850}"
EndProject
Project("{FAE04EC0-301F-11D3-BF4B-00C04F79EFBC}") = "OcsicoTraining.Mikhaltsev.Lesson4.Tests", "OcsicoTraining.Mikhaltsev.Lesson4.Tests\OcsicoTraining.Mikhaltsev.Lesson4.Tests.csproj", "{27927928-50EA-424C-A6B0-B99E62970946}"
EndProject
Global
	GlobalSection(SolutionConfigurationPlatforms) = preSolution
		Debug|Any CPU = Debug|Any CPU
		Release|Any CPU = Release|Any CPU
	EndGlobalSection
	GlobalSection(ProjectConfigurationPlatforms) = postSolution
		{E958CFE1-EE6D-4158-8A16-F7EC057BAADC}.Debug|Any CPU.ActiveCfg = Debug|Any CPU
		{E958CFE1-EE6D-4158-8A16-F7EC057BAADC}.Debug|Any CPU.Build.0 = Debug|Any CPU
		{E958CFE1-EE6D-4158-8A16-F7EC057BAADC}.Release|Any CPU.ActiveCfg = Release|Any CPU
		{E958CFE1-EE6D-4158-8A16-F7EC057BAADC}.Release|Any CPU.Build.0 = Release|Any CPU
		{9AC4243F-E925-42CC-8265-F8842ACF68C0}.Debug|Any CPU.ActiveCfg = Debug|Any CPU
		{9AC4243F-E925-42CC-8265-F8842ACF68C0}.Debug|Any CPU.Build.0 = Debug|Any CPU
		{9AC4243F-E925-42CC-8265-F8842ACF68C0}.Release|Any CPU.ActiveCfg = Release|Any CPU
		{9AC4243F-E925-42CC-8265-F8842ACF68C0}.Release|Any CPU.Build.0 = Release|Any CPU
		{201C3B38-591A-43C2-9A3B-26620197CF67}.Debug|Any CPU.ActiveCfg = Debug|Any CPU
		{201C3B38-591A-43C2-9A3B-26620197CF67}.Debug|Any CPU.Build.0 = Debug|Any CPU
		{201C3B38-591A-43C2-9A3B-26620197CF67}.Release|Any CPU.ActiveCfg = Release|Any CPU
		{201C3B38-591A-43C2-9A3B-26620197CF67}.Release|Any CPU.Build.0 = Release|Any CPU
		{E5390BD0-98B3-4D41-99EC-69EA0660B936}.Debug|Any CPU.ActiveCfg = Debug|Any CPU
		{E5390BD0-98B3-4D41-99EC-69EA0660B936}.Debug|Any CPU.Build.0 = Debug|Any CPU
		{E5390BD0-98B3-4D41-99EC-69EA0660B936}.Release|Any CPU.ActiveCfg = Release|Any CPU
		{E5390BD0-98B3-4D41-99EC-69EA0660B936}.Release|Any CPU.Build.0 = Release|Any CPU
		{CAF02488-3147-4270-9E04-637C6EAABCE1}.Debug|Any CPU.ActiveCfg = Debug|Any CPU
		{CAF02488-3147-4270-9E04-637C6EAABCE1}.Debug|Any CPU.Build.0 = Debug|Any CPU
		{CAF02488-3147-4270-9E04-637C6EAABCE1}.Release|Any CPU.ActiveCfg = Release|Any CPU
		{CAF02488-3147-4270-9E04-637C6EAABCE1}.Release|Any CPU.Build.0 = Release|Any CPU
		{01D765A7-153E-47C4-A455-96522DF36BCE}.Debug|Any CPU.ActiveCfg = Debug|Any CPU
		{01D765A7-153E-47C4-A455-96522DF36BCE}.Debug|Any CPU.Build.0 = Debug|Any CPU
		{01D765A7-153E-47C4-A455-96522DF36BCE}.Release|Any CPU.ActiveCfg = Release|Any CPU
		{01D765A7-153E-47C4-A455-96522DF36BCE}.Release|Any CPU.Build.0 = Release|Any CPU
		{C8E6AB9C-8A9F-40ED-87EF-15BAC9E903B7}.Debug|Any CPU.ActiveCfg = Debug|Any CPU
		{C8E6AB9C-8A9F-40ED-87EF-15BAC9E903B7}.Debug|Any CPU.Build.0 = Debug|Any CPU
		{C8E6AB9C-8A9F-40ED-87EF-15BAC9E903B7}.Release|Any CPU.ActiveCfg = Release|Any CPU
		{C8E6AB9C-8A9F-40ED-87EF-15BAC9E903B7}.Release|Any CPU.Build.0 = Release|Any CPU
		{681C9475-515E-4B7C-AE47-C56F9F9CA850}.Debug|Any CPU.ActiveCfg = Debug|Any CPU
		{681C9475-515E-4B7C-AE47-C56F9F9CA850}.Debug|Any CPU.Build.0 = Debug|Any CPU
		{681C9475-515E-4B7C-AE47-C56F9F9CA850}.Release|Any CPU.ActiveCfg = Release|Any CPU
		{681C9475-515E-4B7C-AE47-C56F9F9CA850}.Release|Any CPU.Build.0 = Release|Any CPU
		{27927928-50EA-424C-A6B0-B99E62970946}.Debug|Any CPU.ActiveCfg = Debug|Any CPU
		{27927928-50EA-424C-A6B0-B99E62970946}.Debug|Any CPU.Build.0 = Debug|Any CPU
		{27927928-50EA-424C-A6B0-B99E62970946}.Release|Any CPU.ActiveCfg = Release|Any CPU
		{27927928-50EA-424C-A6B0-B99E62970946}.Release|Any CPU.Build.0 = Release|Any CPU
	EndGlobalSection
	GlobalSection(SolutionProperties) = preSolution
		HideSolutionNode = FALSE
	EndGlobalSection
	GlobalSection(NestedProjects) = preSolution
		{E958CFE1-EE6D-4158-8A16-F7EC057BAADC} = {8299D771-3D06-44A0-B258-73B3D5BDF925}
		{9AC4243F-E925-42CC-8265-F8842ACF68C0} = {8299D771-3D06-44A0-B258-73B3D5BDF925}
		{201C3B38-591A-43C2-9A3B-26620197CF67} = {8299D771-3D06-44A0-B258-73B3D5BDF925}
		{E5390BD0-98B3-4D41-99EC-69EA0660B936} = {E1004257-1D69-4D04-BAD8-0CA27D90D81F}
		{CAF02488-3147-4270-9E04-637C6EAABCE1} = {E1004257-1D69-4D04-BAD8-0CA27D90D81F}
		{01D765A7-153E-47C4-A455-96522DF36BCE} = {989025A7-8CFD-4B1B-A975-4380D8276822}
		{C8E6AB9C-8A9F-40ED-87EF-15BAC9E903B7} = {E234FB43-990F-4F6F-9C97-D645656D90E4}
		{681C9475-515E-4B7C-AE47-C56F9F9CA850} = {E1004257-1D69-4D04-BAD8-0CA27D90D81F}
		{27927928-50EA-424C-A6B0-B99E62970946} = {E234FB43-990F-4F6F-9C97-D645656D90E4}
	EndGlobalSection
	GlobalSection(ExtensibilityGlobals) = postSolution
		SolutionGuid = {570C607E-40DA-4CE3-BCFC-F7A77DC92CF6}
	EndGlobalSection
EndGlobal
