
Microsoft Visual Studio Solution File, Format Version 12.00
# Visual Studio Version 16
VisualStudioVersion = 16.0.29728.190
MinimumVisualStudioVersion = 10.0.40219.1
Project("{2150E333-8FDC-42A3-9474-1A3956D46DE8}") = "Lesson1", "Lesson1", "{8299D771-3D06-44A0-B258-73B3D5BDF925}"
EndProject
Project("{9A19103F-16F7-4668-BE54-9A1E7A4F7556}") = "OcsicoTraining.Mikhaltsev.Lesson1.NOD", "OcsicoTraining.Mikhaltsev.Lesson1.NOD\OcsicoTraining.Mikhaltsev.Lesson1.NOD.csproj", "{E958CFE1-EE6D-4158-8A16-F7EC057BAADC}"
EndProject
Project("{9A19103F-16F7-4668-BE54-9A1E7A4F7556}") = "OcsicoTraining.Mikhaltsev.Lesson1.Console", "OcsicoTraining.Mikhaltsev.Lesson1.Console\OcsicoTraining.Mikhaltsev.Lesson1.Console.csproj", "{9AC4243F-E925-42CC-8265-F8842ACF68C0}"
EndProject
Project("{9A19103F-16F7-4668-BE54-9A1E7A4F7556}") = "OcsicoTraining.Mikhaltsev.Lesson1.BubbleSort", "OcsicoTraining.Mikhaltsev.Lesson1.BubbleSort\OcsicoTraining.Mikhaltsev.Lesson1.BubbleSort.csproj", "{201C3B38-591A-43C2-9A3B-26620197CF67}"
EndProject
Project("{2150E333-8FDC-42A3-9474-1A3956D46DE8}") = "Lesson2", "Lesson2", "{E1004257-1D69-4D04-BAD8-0CA27D90D81F}"
EndProject
Project("{9A19103F-16F7-4668-BE54-9A1E7A4F7556}") = "OcsicoTraining.Mikhaltsev.Lesson2.Presentation", "OcsicoTraining.Mikhaltsev.Lesson2.Presentation\OcsicoTraining.Mikhaltsev.Lesson2.Presentation.csproj", "{E5390BD0-98B3-4D41-99EC-69EA0660B936}"
EndProject
Project("{2150E333-8FDC-42A3-9474-1A3956D46DE8}") = "Solution Items", "Solution Items", "{B23E6370-E618-4B53-915B-F432D13A06EF}"
	ProjectSection(SolutionItems) = preProject
		.editorconfig = .editorconfig
	EndProjectSection
EndProject
Project("{9A19103F-16F7-4668-BE54-9A1E7A4F7556}") = "OcsicoTraining.Mikhaltsev.Lesson2.RootPowerN", "OcsicoTraining.Mikhaltsev.Lesson2.RootPowerN\OcsicoTraining.Mikhaltsev.Lesson2.RootPowerN.csproj", "{CAF02488-3147-4270-9E04-637C6EAABCE1}"
EndProject
Project("{2150E333-8FDC-42A3-9474-1A3956D46DE8}") = "Lesson3", "Lesson3", "{989025A7-8CFD-4B1B-A975-4380D8276822}"
EndProject
Project("{9A19103F-16F7-4668-BE54-9A1E7A4F7556}") = "OcsicoTraining.Mikhaltsev.Lesson3.Presentation", "OcsicoTraining.Mikhaltsev.Lesson3.Presentation\OcsicoTraining.Mikhaltsev.Lesson3.Presentation.csproj", "{01D765A7-153E-47C4-A455-96522DF36BCE}"
EndProject
Project("{2150E333-8FDC-42A3-9474-1A3956D46DE8}") = "Lesson4", "Lesson4", "{E234FB43-990F-4F6F-9C97-D645656D90E4}"
EndProject
Project("{9A19103F-16F7-4668-BE54-9A1E7A4F7556}") = "OcsicoTraining.Mikhaltsev.Lesson4.Presentation", "OcsicoTraining.Mikhaltsev.Lesson4.Presentation\OcsicoTraining.Mikhaltsev.Lesson4.Presentation.csproj", "{C8E6AB9C-8A9F-40ED-87EF-15BAC9E903B7}"
EndProject
Project("{9A19103F-16F7-4668-BE54-9A1E7A4F7556}") = "OcsicoTraining.Mikhaltsev.Lesson2.GenericQueue", "OcsicoTraining.Mikhaltsev.Lesson2.GenericQueue\OcsicoTraining.Mikhaltsev.Lesson2.GenericQueue.csproj", "{25E91697-28F4-4168-9BF2-36A29DB810AA}"
EndProject
Project("{9A19103F-16F7-4668-BE54-9A1E7A4F7556}") = "OcsicoTraining.Mikhaltsev.Lesson2.GenericSortMethod", "OcsicoTraining.Mikhaltsev.Lesson2.GenericSortMethod\OcsicoTraining.Mikhaltsev.Lesson2.GenericSortMethod.csproj", "{681C9475-515E-4B7C-AE47-C56F9F9CA850}"
EndProject
Project("{9A19103F-16F7-4668-BE54-9A1E7A4F7556}") = "OcsicoTraining.Mikhaltsev.Lesson4.UserPrinter", "OcsicoTraining.Mikhaltsev.Lesson4.UserPrinter\OcsicoTraining.Mikhaltsev.Lesson4.UserPrinter.csproj", "{FC75AC20-3091-4F08-9ECD-9FA7D0512604}"
EndProject
Project("{9A19103F-16F7-4668-BE54-9A1E7A4F7556}") = "OcsicoTraining.Mikhaltsev.Lesson4.Tests", "OcsicoTraining.Mikhaltsev.Lesson4.Tests\OcsicoTraining.Mikhaltsev.Lesson4.Tests.csproj", "{27927928-50EA-424C-A6B0-B99E62970946}"
EndProject
Project("{2150E333-8FDC-42A3-9474-1A3956D46DE8}") = "Lesson6", "Lesson6", "{BDD8238F-87AA-41C0-BF8D-5B106BB2D000}"
EndProject
Project("{9A19103F-16F7-4668-BE54-9A1E7A4F7556}") = "OcsicoTraining.Mikhaltsev.Lesson6.FibonacciNumbersGenerator", "OcsicoTraining.Mikhaltsev.Lesson6.FibonacciGenerator\OcsicoTraining.Mikhaltsev.Lesson6.FibonacciNumbersGenerator.csproj", "{7790FFBE-EA36-4179-9C84-49E2DD00CC05}"
EndProject
Project("{9A19103F-16F7-4668-BE54-9A1E7A4F7556}") = "OcsicoTraining.Mikhaltsev.Lesson6.Presentation", "OcsicoTraining.Mikhaltsev.Lesson6.Presentation\OcsicoTraining.Mikhaltsev.Lesson6.Presentation.csproj", "{C35DFDC7-5ADF-4957-A90A-B06448E4F1C8}"
EndProject
Project("{9A19103F-16F7-4668-BE54-9A1E7A4F7556}") = "OcsicoTraining.Mikhaltsev.Lesson6.FibonacciNumbersGenerator.Tests", "OcsicoTraining.Mikhaltsev.Lesson6.FibonacciGenerator.Tests\OcsicoTraining.Mikhaltsev.Lesson6.FibonacciNumbersGenerator.Tests.csproj", "{B2F4A33F-65B1-4B8F-BEBC-B130A902ACA3}"
EndProject
Project("{9A19103F-16F7-4668-BE54-9A1E7A4F7556}") = "OcsicoTraining.Mikhaltsev.Lesson4.OrganizationsManagmentSystem", "OcsicoTraining.Mikhaltsev.Lesson4.OrganizationsManagmentSystem\OcsicoTraining.Mikhaltsev.Lesson4.OrganizationsManagmentSystem.csproj", "{A1B13208-0D48-46EB-9F1D-4567659C8B25}"
EndProject
Project("{9A19103F-16F7-4668-BE54-9A1E7A4F7556}") = "OcsicoTraining.Mikhaltsev.Lesson6.GenericList", "OcsicoTraining.Mikhaltsev.Lesson6.GenericList\OcsicoTraining.Mikhaltsev.Lesson6.GenericList.csproj", "{DD5271F8-C8C4-4F47-8484-1342242AA07C}"
EndProject
Project("{9A19103F-16F7-4668-BE54-9A1E7A4F7556}") = "OcsicoTraining.Mikhaltsev.Lesson6.Factorial", "OcsicoTraining.Mikhaltsev.Lesson6.Factorial\OcsicoTraining.Mikhaltsev.Lesson6.Factorial.csproj", "{EDAF2E65-EB7E-42A3-AFA5-DC3B1611BE45}"
EndProject
Project("{9A19103F-16F7-4668-BE54-9A1E7A4F7556}") = "OcsicoTraining.Mikhaltsev.Lesson6.Factorial.Tests", "OcsicoTraining.Mikhaltsev.Lesson6.Factorial.Tests\OcsicoTraining.Mikhaltsev.Lesson6.Factorial.Tests.csproj", "{CCEBF8A1-5DBB-4D05-A979-08BAEE19FFDD}"
EndProject
Project("{9A19103F-16F7-4668-BE54-9A1E7A4F7556}") = "OcsicoTraining.Mikhaltsev.Lesson6.Set", "OcsicoTraining.Mikhaltsev.Lesson6.Set\OcsicoTraining.Mikhaltsev.Lesson6.Set.csproj", "{5E334DDE-8ED2-4763-9440-2E59751397D7}"
EndProject
Project("{9A19103F-16F7-4668-BE54-9A1E7A4F7556}") = "OcsicoTraining.Mikhaltsev.Lesson6.Set.Tests", "OcsicoTraining.Mikhaltsev.Lesson6.Set.Tests\OcsicoTraining.Mikhaltsev.Lesson6.Set.Tests.csproj", "{A012A597-FE78-49A5-B24E-CCEE278CD791}"
EndProject
Project("{2150E333-8FDC-42A3-9474-1A3956D46DE8}") = "Lesson7", "Lesson7", "{AE080973-6606-45C6-80B8-48B2E14A465E}"
EndProject
Project("{9A19103F-16F7-4668-BE54-9A1E7A4F7556}") = "OcsicoTraining.Mikhaltsev.Lesson7.CountdownClock", "OcsicoTraining.Mikhaltsev.Lesson7.CountdownClock\OcsicoTraining.Mikhaltsev.Lesson7.CountdownClock.csproj", "{31718A8A-0180-4586-8722-C874FCA7FBA4}"
EndProject
Project("{9A19103F-16F7-4668-BE54-9A1E7A4F7556}") = "OcsicoTraining.Mikhaltsev.Lesson7.Presentation", "OcsicoTraining.Mikhaltsev.Lesson7.Presentation\OcsicoTraining.Mikhaltsev.Lesson7.Presentation.csproj", "{8FF017C9-8E6A-4E8A-BB00-EFB588D04E43}"
EndProject
Project("{2150E333-8FDC-42A3-9474-1A3956D46DE8}") = "Lesson9", "Lesson9", "{390BB2D9-23A1-48EE-920C-E1D6A1D3F352}"
EndProject
Project("{9A19103F-16F7-4668-BE54-9A1E7A4F7556}") = "OcsicoTraining.Mikhaltsev.Lesson9.AspOrganizations", "AspApplication\OcsicoTraining.Mikhaltsev.Lesson9.AspOrganizations.csproj", "{84AB5D8E-D557-46ED-BDD2-4B96FD280AF3}"
EndProject
Project("{2150E333-8FDC-42A3-9474-1A3956D46DE8}") = "FinalProject", "FinalProject", "{B09A7163-A5AF-4893-A3FA-C56F416D1626}"
EndProject
Project("{9A19103F-16F7-4668-BE54-9A1E7A4F7556}") = "EntityModels", "EntityModels\EntityModels.csproj", "{BC1B2163-5274-48C5-99CC-B5C494D49953}"
EndProject
Project("{9A19103F-16F7-4668-BE54-9A1E7A4F7556}") = "ShopDAL", "ShopDAL\ShopDAL.csproj", "{60A8D857-8BB8-46D2-81DB-AE365AA5AD79}"
EndProject
Project("{9A19103F-16F7-4668-BE54-9A1E7A4F7556}") = "ConsolePresentation", "ConsolePresentation\ConsolePresentation.csproj", "{718DD93F-1E77-4BBD-807C-30794AA767F2}"
EndProject
Project("{FAE04EC0-301F-11D3-BF4B-00C04F79EFBC}") = "ShopBLL", "ShopBLL\ShopBLL.csproj", "{F2EA2B9D-9B60-4F90-BCC7-A0D08E5D4470}"
EndProject
Project("{FAE04EC0-301F-11D3-BF4B-00C04F79EFBC}") = "ViewModels", "ViewModels\ViewModels.csproj", "{230B9942-12C9-49A2-9212-8BE6E2D76EC9}"
EndProject
Project("{FAE04EC0-301F-11D3-BF4B-00C04F79EFBC}") = "MappingProfiles", "MappingProfiles\MappingProfiles.csproj", "{3B85278E-9F6B-4DBE-AD9C-0A174693C966}"
EndProject
Project("{FAE04EC0-301F-11D3-BF4B-00C04F79EFBC}") = "WebPresentation", "WebPresentation\WebPresentation.csproj", "{DB60FE28-E74D-485C-A324-797BA0541B37}"
EndProject
Global
	GlobalSection(SolutionConfigurationPlatforms) = preSolution
		Debug|Any CPU = Debug|Any CPU
		Release|Any CPU = Release|Any CPU
	EndGlobalSection
	GlobalSection(ProjectConfigurationPlatforms) = postSolution
		{E958CFE1-EE6D-4158-8A16-F7EC057BAADC}.Debug|Any CPU.ActiveCfg = Debug|Any CPU
		{E958CFE1-EE6D-4158-8A16-F7EC057BAADC}.Debug|Any CPU.Build.0 = Debug|Any CPU
		{E958CFE1-EE6D-4158-8A16-F7EC057BAADC}.Release|Any CPU.ActiveCfg = Release|Any CPU
		{E958CFE1-EE6D-4158-8A16-F7EC057BAADC}.Release|Any CPU.Build.0 = Release|Any CPU
		{9AC4243F-E925-42CC-8265-F8842ACF68C0}.Debug|Any CPU.ActiveCfg = Debug|Any CPU
		{9AC4243F-E925-42CC-8265-F8842ACF68C0}.Debug|Any CPU.Build.0 = Debug|Any CPU
		{9AC4243F-E925-42CC-8265-F8842ACF68C0}.Release|Any CPU.ActiveCfg = Release|Any CPU
		{9AC4243F-E925-42CC-8265-F8842ACF68C0}.Release|Any CPU.Build.0 = Release|Any CPU
		{201C3B38-591A-43C2-9A3B-26620197CF67}.Debug|Any CPU.ActiveCfg = Debug|Any CPU
		{201C3B38-591A-43C2-9A3B-26620197CF67}.Debug|Any CPU.Build.0 = Debug|Any CPU
		{201C3B38-591A-43C2-9A3B-26620197CF67}.Release|Any CPU.ActiveCfg = Release|Any CPU
		{201C3B38-591A-43C2-9A3B-26620197CF67}.Release|Any CPU.Build.0 = Release|Any CPU
		{E5390BD0-98B3-4D41-99EC-69EA0660B936}.Debug|Any CPU.ActiveCfg = Debug|Any CPU
		{E5390BD0-98B3-4D41-99EC-69EA0660B936}.Debug|Any CPU.Build.0 = Debug|Any CPU
		{E5390BD0-98B3-4D41-99EC-69EA0660B936}.Release|Any CPU.ActiveCfg = Release|Any CPU
		{E5390BD0-98B3-4D41-99EC-69EA0660B936}.Release|Any CPU.Build.0 = Release|Any CPU
		{CAF02488-3147-4270-9E04-637C6EAABCE1}.Debug|Any CPU.ActiveCfg = Debug|Any CPU
		{CAF02488-3147-4270-9E04-637C6EAABCE1}.Debug|Any CPU.Build.0 = Debug|Any CPU
		{CAF02488-3147-4270-9E04-637C6EAABCE1}.Release|Any CPU.ActiveCfg = Release|Any CPU
		{CAF02488-3147-4270-9E04-637C6EAABCE1}.Release|Any CPU.Build.0 = Release|Any CPU
		{01D765A7-153E-47C4-A455-96522DF36BCE}.Debug|Any CPU.ActiveCfg = Debug|Any CPU
		{01D765A7-153E-47C4-A455-96522DF36BCE}.Debug|Any CPU.Build.0 = Debug|Any CPU
		{01D765A7-153E-47C4-A455-96522DF36BCE}.Release|Any CPU.ActiveCfg = Release|Any CPU
		{01D765A7-153E-47C4-A455-96522DF36BCE}.Release|Any CPU.Build.0 = Release|Any CPU
		{C8E6AB9C-8A9F-40ED-87EF-15BAC9E903B7}.Debug|Any CPU.ActiveCfg = Debug|Any CPU
		{C8E6AB9C-8A9F-40ED-87EF-15BAC9E903B7}.Debug|Any CPU.Build.0 = Debug|Any CPU
		{C8E6AB9C-8A9F-40ED-87EF-15BAC9E903B7}.Release|Any CPU.ActiveCfg = Release|Any CPU
		{C8E6AB9C-8A9F-40ED-87EF-15BAC9E903B7}.Release|Any CPU.Build.0 = Release|Any CPU
		{25E91697-28F4-4168-9BF2-36A29DB810AA}.Debug|Any CPU.ActiveCfg = Debug|Any CPU
		{25E91697-28F4-4168-9BF2-36A29DB810AA}.Debug|Any CPU.Build.0 = Debug|Any CPU
		{25E91697-28F4-4168-9BF2-36A29DB810AA}.Release|Any CPU.ActiveCfg = Release|Any CPU
		{25E91697-28F4-4168-9BF2-36A29DB810AA}.Release|Any CPU.Build.0 = Release|Any CPU
		{681C9475-515E-4B7C-AE47-C56F9F9CA850}.Debug|Any CPU.ActiveCfg = Debug|Any CPU
		{681C9475-515E-4B7C-AE47-C56F9F9CA850}.Debug|Any CPU.Build.0 = Debug|Any CPU
		{681C9475-515E-4B7C-AE47-C56F9F9CA850}.Release|Any CPU.ActiveCfg = Release|Any CPU
		{681C9475-515E-4B7C-AE47-C56F9F9CA850}.Release|Any CPU.Build.0 = Release|Any CPU
		{FC75AC20-3091-4F08-9ECD-9FA7D0512604}.Debug|Any CPU.ActiveCfg = Debug|Any CPU
		{FC75AC20-3091-4F08-9ECD-9FA7D0512604}.Debug|Any CPU.Build.0 = Debug|Any CPU
		{FC75AC20-3091-4F08-9ECD-9FA7D0512604}.Release|Any CPU.ActiveCfg = Release|Any CPU
		{FC75AC20-3091-4F08-9ECD-9FA7D0512604}.Release|Any CPU.Build.0 = Release|Any CPU
		{27927928-50EA-424C-A6B0-B99E62970946}.Debug|Any CPU.ActiveCfg = Debug|Any CPU
		{27927928-50EA-424C-A6B0-B99E62970946}.Debug|Any CPU.Build.0 = Debug|Any CPU
		{27927928-50EA-424C-A6B0-B99E62970946}.Release|Any CPU.ActiveCfg = Release|Any CPU
		{27927928-50EA-424C-A6B0-B99E62970946}.Release|Any CPU.Build.0 = Release|Any CPU
		{7790FFBE-EA36-4179-9C84-49E2DD00CC05}.Debug|Any CPU.ActiveCfg = Debug|Any CPU
		{7790FFBE-EA36-4179-9C84-49E2DD00CC05}.Debug|Any CPU.Build.0 = Debug|Any CPU
		{7790FFBE-EA36-4179-9C84-49E2DD00CC05}.Release|Any CPU.ActiveCfg = Release|Any CPU
		{7790FFBE-EA36-4179-9C84-49E2DD00CC05}.Release|Any CPU.Build.0 = Release|Any CPU
		{C35DFDC7-5ADF-4957-A90A-B06448E4F1C8}.Debug|Any CPU.ActiveCfg = Debug|Any CPU
		{C35DFDC7-5ADF-4957-A90A-B06448E4F1C8}.Debug|Any CPU.Build.0 = Debug|Any CPU
		{C35DFDC7-5ADF-4957-A90A-B06448E4F1C8}.Release|Any CPU.ActiveCfg = Release|Any CPU
		{C35DFDC7-5ADF-4957-A90A-B06448E4F1C8}.Release|Any CPU.Build.0 = Release|Any CPU
		{B2F4A33F-65B1-4B8F-BEBC-B130A902ACA3}.Debug|Any CPU.ActiveCfg = Debug|Any CPU
		{B2F4A33F-65B1-4B8F-BEBC-B130A902ACA3}.Debug|Any CPU.Build.0 = Debug|Any CPU
		{B2F4A33F-65B1-4B8F-BEBC-B130A902ACA3}.Release|Any CPU.ActiveCfg = Release|Any CPU
		{B2F4A33F-65B1-4B8F-BEBC-B130A902ACA3}.Release|Any CPU.Build.0 = Release|Any CPU
		{A1B13208-0D48-46EB-9F1D-4567659C8B25}.Debug|Any CPU.ActiveCfg = Debug|Any CPU
		{A1B13208-0D48-46EB-9F1D-4567659C8B25}.Debug|Any CPU.Build.0 = Debug|Any CPU
		{A1B13208-0D48-46EB-9F1D-4567659C8B25}.Release|Any CPU.ActiveCfg = Release|Any CPU
		{A1B13208-0D48-46EB-9F1D-4567659C8B25}.Release|Any CPU.Build.0 = Release|Any CPU
		{DD5271F8-C8C4-4F47-8484-1342242AA07C}.Debug|Any CPU.ActiveCfg = Debug|Any CPU
		{DD5271F8-C8C4-4F47-8484-1342242AA07C}.Debug|Any CPU.Build.0 = Debug|Any CPU
		{DD5271F8-C8C4-4F47-8484-1342242AA07C}.Release|Any CPU.ActiveCfg = Release|Any CPU
		{DD5271F8-C8C4-4F47-8484-1342242AA07C}.Release|Any CPU.Build.0 = Release|Any CPU
		{EDAF2E65-EB7E-42A3-AFA5-DC3B1611BE45}.Debug|Any CPU.ActiveCfg = Debug|Any CPU
		{EDAF2E65-EB7E-42A3-AFA5-DC3B1611BE45}.Debug|Any CPU.Build.0 = Debug|Any CPU
		{EDAF2E65-EB7E-42A3-AFA5-DC3B1611BE45}.Release|Any CPU.ActiveCfg = Release|Any CPU
		{EDAF2E65-EB7E-42A3-AFA5-DC3B1611BE45}.Release|Any CPU.Build.0 = Release|Any CPU
		{CCEBF8A1-5DBB-4D05-A979-08BAEE19FFDD}.Debug|Any CPU.ActiveCfg = Debug|Any CPU
		{CCEBF8A1-5DBB-4D05-A979-08BAEE19FFDD}.Debug|Any CPU.Build.0 = Debug|Any CPU
		{CCEBF8A1-5DBB-4D05-A979-08BAEE19FFDD}.Release|Any CPU.ActiveCfg = Release|Any CPU
		{CCEBF8A1-5DBB-4D05-A979-08BAEE19FFDD}.Release|Any CPU.Build.0 = Release|Any CPU
		{5E334DDE-8ED2-4763-9440-2E59751397D7}.Debug|Any CPU.ActiveCfg = Debug|Any CPU
		{5E334DDE-8ED2-4763-9440-2E59751397D7}.Debug|Any CPU.Build.0 = Debug|Any CPU
		{5E334DDE-8ED2-4763-9440-2E59751397D7}.Release|Any CPU.ActiveCfg = Release|Any CPU
		{5E334DDE-8ED2-4763-9440-2E59751397D7}.Release|Any CPU.Build.0 = Release|Any CPU
		{A012A597-FE78-49A5-B24E-CCEE278CD791}.Debug|Any CPU.ActiveCfg = Debug|Any CPU
		{A012A597-FE78-49A5-B24E-CCEE278CD791}.Debug|Any CPU.Build.0 = Debug|Any CPU
		{A012A597-FE78-49A5-B24E-CCEE278CD791}.Release|Any CPU.ActiveCfg = Release|Any CPU
		{A012A597-FE78-49A5-B24E-CCEE278CD791}.Release|Any CPU.Build.0 = Release|Any CPU
		{31718A8A-0180-4586-8722-C874FCA7FBA4}.Debug|Any CPU.ActiveCfg = Debug|Any CPU
		{31718A8A-0180-4586-8722-C874FCA7FBA4}.Debug|Any CPU.Build.0 = Debug|Any CPU
		{31718A8A-0180-4586-8722-C874FCA7FBA4}.Release|Any CPU.ActiveCfg = Release|Any CPU
		{31718A8A-0180-4586-8722-C874FCA7FBA4}.Release|Any CPU.Build.0 = Release|Any CPU
		{8FF017C9-8E6A-4E8A-BB00-EFB588D04E43}.Debug|Any CPU.ActiveCfg = Debug|Any CPU
		{8FF017C9-8E6A-4E8A-BB00-EFB588D04E43}.Debug|Any CPU.Build.0 = Debug|Any CPU
		{8FF017C9-8E6A-4E8A-BB00-EFB588D04E43}.Release|Any CPU.ActiveCfg = Release|Any CPU
		{8FF017C9-8E6A-4E8A-BB00-EFB588D04E43}.Release|Any CPU.Build.0 = Release|Any CPU
		{84AB5D8E-D557-46ED-BDD2-4B96FD280AF3}.Debug|Any CPU.ActiveCfg = Debug|Any CPU
		{84AB5D8E-D557-46ED-BDD2-4B96FD280AF3}.Debug|Any CPU.Build.0 = Debug|Any CPU
		{84AB5D8E-D557-46ED-BDD2-4B96FD280AF3}.Release|Any CPU.ActiveCfg = Release|Any CPU
		{84AB5D8E-D557-46ED-BDD2-4B96FD280AF3}.Release|Any CPU.Build.0 = Release|Any CPU
		{BC1B2163-5274-48C5-99CC-B5C494D49953}.Debug|Any CPU.ActiveCfg = Debug|Any CPU
		{BC1B2163-5274-48C5-99CC-B5C494D49953}.Debug|Any CPU.Build.0 = Debug|Any CPU
		{BC1B2163-5274-48C5-99CC-B5C494D49953}.Release|Any CPU.ActiveCfg = Release|Any CPU
		{BC1B2163-5274-48C5-99CC-B5C494D49953}.Release|Any CPU.Build.0 = Release|Any CPU
		{60A8D857-8BB8-46D2-81DB-AE365AA5AD79}.Debug|Any CPU.ActiveCfg = Debug|Any CPU
		{60A8D857-8BB8-46D2-81DB-AE365AA5AD79}.Debug|Any CPU.Build.0 = Debug|Any CPU
		{60A8D857-8BB8-46D2-81DB-AE365AA5AD79}.Release|Any CPU.ActiveCfg = Release|Any CPU
		{60A8D857-8BB8-46D2-81DB-AE365AA5AD79}.Release|Any CPU.Build.0 = Release|Any CPU
		{718DD93F-1E77-4BBD-807C-30794AA767F2}.Debug|Any CPU.ActiveCfg = Debug|Any CPU
		{718DD93F-1E77-4BBD-807C-30794AA767F2}.Debug|Any CPU.Build.0 = Debug|Any CPU
		{718DD93F-1E77-4BBD-807C-30794AA767F2}.Release|Any CPU.ActiveCfg = Release|Any CPU
		{718DD93F-1E77-4BBD-807C-30794AA767F2}.Release|Any CPU.Build.0 = Release|Any CPU
		{F2EA2B9D-9B60-4F90-BCC7-A0D08E5D4470}.Debug|Any CPU.ActiveCfg = Debug|Any CPU
		{F2EA2B9D-9B60-4F90-BCC7-A0D08E5D4470}.Debug|Any CPU.Build.0 = Debug|Any CPU
		{F2EA2B9D-9B60-4F90-BCC7-A0D08E5D4470}.Release|Any CPU.ActiveCfg = Release|Any CPU
		{F2EA2B9D-9B60-4F90-BCC7-A0D08E5D4470}.Release|Any CPU.Build.0 = Release|Any CPU
		{230B9942-12C9-49A2-9212-8BE6E2D76EC9}.Debug|Any CPU.ActiveCfg = Debug|Any CPU
		{230B9942-12C9-49A2-9212-8BE6E2D76EC9}.Debug|Any CPU.Build.0 = Debug|Any CPU
		{230B9942-12C9-49A2-9212-8BE6E2D76EC9}.Release|Any CPU.ActiveCfg = Release|Any CPU
		{230B9942-12C9-49A2-9212-8BE6E2D76EC9}.Release|Any CPU.Build.0 = Release|Any CPU
		{3B85278E-9F6B-4DBE-AD9C-0A174693C966}.Debug|Any CPU.ActiveCfg = Debug|Any CPU
		{3B85278E-9F6B-4DBE-AD9C-0A174693C966}.Debug|Any CPU.Build.0 = Debug|Any CPU
		{3B85278E-9F6B-4DBE-AD9C-0A174693C966}.Release|Any CPU.ActiveCfg = Release|Any CPU
		{3B85278E-9F6B-4DBE-AD9C-0A174693C966}.Release|Any CPU.Build.0 = Release|Any CPU
		{DB60FE28-E74D-485C-A324-797BA0541B37}.Debug|Any CPU.ActiveCfg = Debug|Any CPU
		{DB60FE28-E74D-485C-A324-797BA0541B37}.Debug|Any CPU.Build.0 = Debug|Any CPU
		{DB60FE28-E74D-485C-A324-797BA0541B37}.Release|Any CPU.ActiveCfg = Release|Any CPU
		{DB60FE28-E74D-485C-A324-797BA0541B37}.Release|Any CPU.Build.0 = Release|Any CPU
	EndGlobalSection
	GlobalSection(SolutionProperties) = preSolution
		HideSolutionNode = FALSE
	EndGlobalSection
	GlobalSection(NestedProjects) = preSolution
		{E958CFE1-EE6D-4158-8A16-F7EC057BAADC} = {8299D771-3D06-44A0-B258-73B3D5BDF925}
		{9AC4243F-E925-42CC-8265-F8842ACF68C0} = {8299D771-3D06-44A0-B258-73B3D5BDF925}
		{201C3B38-591A-43C2-9A3B-26620197CF67} = {8299D771-3D06-44A0-B258-73B3D5BDF925}
		{E5390BD0-98B3-4D41-99EC-69EA0660B936} = {E1004257-1D69-4D04-BAD8-0CA27D90D81F}
		{CAF02488-3147-4270-9E04-637C6EAABCE1} = {E1004257-1D69-4D04-BAD8-0CA27D90D81F}
		{01D765A7-153E-47C4-A455-96522DF36BCE} = {989025A7-8CFD-4B1B-A975-4380D8276822}
		{C8E6AB9C-8A9F-40ED-87EF-15BAC9E903B7} = {E234FB43-990F-4F6F-9C97-D645656D90E4}
		{25E91697-28F4-4168-9BF2-36A29DB810AA} = {E1004257-1D69-4D04-BAD8-0CA27D90D81F}
		{681C9475-515E-4B7C-AE47-C56F9F9CA850} = {E1004257-1D69-4D04-BAD8-0CA27D90D81F}
		{FC75AC20-3091-4F08-9ECD-9FA7D0512604} = {E234FB43-990F-4F6F-9C97-D645656D90E4}
		{27927928-50EA-424C-A6B0-B99E62970946} = {E234FB43-990F-4F6F-9C97-D645656D90E4}
		{7790FFBE-EA36-4179-9C84-49E2DD00CC05} = {BDD8238F-87AA-41C0-BF8D-5B106BB2D000}
		{C35DFDC7-5ADF-4957-A90A-B06448E4F1C8} = {BDD8238F-87AA-41C0-BF8D-5B106BB2D000}
		{B2F4A33F-65B1-4B8F-BEBC-B130A902ACA3} = {BDD8238F-87AA-41C0-BF8D-5B106BB2D000}
		{A1B13208-0D48-46EB-9F1D-4567659C8B25} = {E234FB43-990F-4F6F-9C97-D645656D90E4}
		{DD5271F8-C8C4-4F47-8484-1342242AA07C} = {BDD8238F-87AA-41C0-BF8D-5B106BB2D000}
		{EDAF2E65-EB7E-42A3-AFA5-DC3B1611BE45} = {BDD8238F-87AA-41C0-BF8D-5B106BB2D000}
		{CCEBF8A1-5DBB-4D05-A979-08BAEE19FFDD} = {BDD8238F-87AA-41C0-BF8D-5B106BB2D000}
		{5E334DDE-8ED2-4763-9440-2E59751397D7} = {BDD8238F-87AA-41C0-BF8D-5B106BB2D000}
		{A012A597-FE78-49A5-B24E-CCEE278CD791} = {BDD8238F-87AA-41C0-BF8D-5B106BB2D000}
		{31718A8A-0180-4586-8722-C874FCA7FBA4} = {AE080973-6606-45C6-80B8-48B2E14A465E}
		{8FF017C9-8E6A-4E8A-BB00-EFB588D04E43} = {AE080973-6606-45C6-80B8-48B2E14A465E}
		{84AB5D8E-D557-46ED-BDD2-4B96FD280AF3} = {390BB2D9-23A1-48EE-920C-E1D6A1D3F352}
		{BC1B2163-5274-48C5-99CC-B5C494D49953} = {B09A7163-A5AF-4893-A3FA-C56F416D1626}
		{60A8D857-8BB8-46D2-81DB-AE365AA5AD79} = {B09A7163-A5AF-4893-A3FA-C56F416D1626}
		{718DD93F-1E77-4BBD-807C-30794AA767F2} = {B09A7163-A5AF-4893-A3FA-C56F416D1626}
		{F2EA2B9D-9B60-4F90-BCC7-A0D08E5D4470} = {B09A7163-A5AF-4893-A3FA-C56F416D1626}
		{230B9942-12C9-49A2-9212-8BE6E2D76EC9} = {B09A7163-A5AF-4893-A3FA-C56F416D1626}
		{3B85278E-9F6B-4DBE-AD9C-0A174693C966} = {B09A7163-A5AF-4893-A3FA-C56F416D1626}
		{DB60FE28-E74D-485C-A324-797BA0541B37} = {B09A7163-A5AF-4893-A3FA-C56F416D1626}
	EndGlobalSection
	GlobalSection(ExtensibilityGlobals) = postSolution
		SolutionGuid = {570C607E-40DA-4CE3-BCFC-F7A77DC92CF6}
	EndGlobalSection
EndGlobal
